
Microsoft Visual Studio Solution File, Format Version 12.00
Project("{FAE04EC0-301F-11D3-BF4B-00C04F79EFBC}") = "Deploynator", "Deploynator\Deploynator.csproj", "{F10A1D3C-51F9-44BA-AE53-43132400B13C}"
EndProject
Project("{2150E333-8FDC-42A3-9474-1A3956D46DE8}") = "SolutionItems", "SolutionItems", "{10A81EE7-20A3-4CAD-A8C4-27A8831B435B}"
ProjectSection(SolutionItems) = preProject
	.gitignore = .gitignore
	azure-pipelines.yml = azure-pipelines.yml
	docker-compose.yml = docker-compose.yml
	Dockerfile = Dockerfile
	README.md = README.md
	Deploynator.service = Deploynator.service
	InstallAndRunAsService.sh = InstallAndRunAsService.sh
EndProjectSection
EndProject
Global
	GlobalSection(SolutionConfigurationPlatforms) = preSolution
		Debug|Any CPU = Debug|Any CPU
		Release|Any CPU = Release|Any CPU
	EndGlobalSection
	GlobalSection(ProjectConfigurationPlatforms) = postSolution
		{F10A1D3C-51F9-44BA-AE53-43132400B13C}.Debug|Any CPU.ActiveCfg = Debug|Any CPU
		{F10A1D3C-51F9-44BA-AE53-43132400B13C}.Debug|Any CPU.Build.0 = Debug|Any CPU
		{F10A1D3C-51F9-44BA-AE53-43132400B13C}.Release|Any CPU.ActiveCfg = Release|Any CPU
		{F10A1D3C-51F9-44BA-AE53-43132400B13C}.Release|Any CPU.Build.0 = Release|Any CPU
	EndGlobalSection
EndGlobal
